
Microsoft Visual Studio Solution File, Format Version 12.00
Project("{2150E333-8FDC-42A3-9474-1A3956D46DE8}") = "Hafta6", "Hafta6", "{ED01F11E-AC19-4963-BDF1-B8556F9F7101}"
EndProject
Project("{FAE04EC0-301F-11D3-BF4B-00C04F79EFBC}") = "Toplam", "Toplam\Toplam.csproj", "{6AC80772-10EE-46CF-B5B6-CB0B5C7306C5}"
EndProject
Global
	GlobalSection(SolutionConfigurationPlatforms) = preSolution
		Debug|Any CPU = Debug|Any CPU
		Release|Any CPU = Release|Any CPU
	EndGlobalSection
	GlobalSection(NestedProjects) = preSolution
		{6AC80772-10EE-46CF-B5B6-CB0B5C7306C5} = {ED01F11E-AC19-4963-BDF1-B8556F9F7101}
	EndGlobalSection
	GlobalSection(ProjectConfigurationPlatforms) = postSolution
		{6AC80772-10EE-46CF-B5B6-CB0B5C7306C5}.Debug|Any CPU.ActiveCfg = Debug|Any CPU
		{6AC80772-10EE-46CF-B5B6-CB0B5C7306C5}.Debug|Any CPU.Build.0 = Debug|Any CPU
		{6AC80772-10EE-46CF-B5B6-CB0B5C7306C5}.Release|Any CPU.ActiveCfg = Release|Any CPU
		{6AC80772-10EE-46CF-B5B6-CB0B5C7306C5}.Release|Any CPU.Build.0 = Release|Any CPU
	EndGlobalSection
EndGlobal
