
Microsoft Visual Studio Solution File, Format Version 12.00
# Visual Studio Version 16
VisualStudioVersion = 16.0.33027.164
MinimumVisualStudioVersion = 10.0.40219.1
Project("{2150E333-8FDC-42A3-9474-1A3956D46DE8}") = "6.Hafta", "6.Hafta", "{ED01F11E-AC19-4963-BDF1-B8556F9F7101}"
EndProject
Project("{9A19103F-16F7-4668-BE54-9A1E7A4F7556}") = "Toplam", "Toplam\Toplam.csproj", "{6AC80772-10EE-46CF-B5B6-CB0B5C7306C5}"
EndProject
Project("{9A19103F-16F7-4668-BE54-9A1E7A4F7556}") = "Dizi", "Dizi\Dizi.csproj", "{00F3A533-E415-4B11-AACD-AA884AED6D13}"
EndProject
Project("{9A19103F-16F7-4668-BE54-9A1E7A4F7556}") = "Kelime", "Kelime\Kelime.csproj", "{E8822DC0-CC99-493D-830E-2FA67B2726B7}"
EndProject
Project("{2150E333-8FDC-42A3-9474-1A3956D46DE8}") = "7.Hafta", "7.Hafta", "{388877DA-20BB-465E-B434-812DB605490A}"
EndProject
Project("{FAE04EC0-301F-11D3-BF4B-00C04F79EFBC}") = "ArrayLists", "ArrayList\ArrayLists.csproj", "{34C07526-57B5-4E6D-BF98-A782C6A4E054}"
EndProject
Global
	GlobalSection(SolutionConfigurationPlatforms) = preSolution
		Debug|Any CPU = Debug|Any CPU
		Release|Any CPU = Release|Any CPU
	EndGlobalSection
	GlobalSection(ProjectConfigurationPlatforms) = postSolution
		{6AC80772-10EE-46CF-B5B6-CB0B5C7306C5}.Debug|Any CPU.ActiveCfg = Debug|Any CPU
		{6AC80772-10EE-46CF-B5B6-CB0B5C7306C5}.Debug|Any CPU.Build.0 = Debug|Any CPU
		{6AC80772-10EE-46CF-B5B6-CB0B5C7306C5}.Release|Any CPU.ActiveCfg = Release|Any CPU
		{6AC80772-10EE-46CF-B5B6-CB0B5C7306C5}.Release|Any CPU.Build.0 = Release|Any CPU
		{00F3A533-E415-4B11-AACD-AA884AED6D13}.Debug|Any CPU.ActiveCfg = Debug|Any CPU
		{00F3A533-E415-4B11-AACD-AA884AED6D13}.Debug|Any CPU.Build.0 = Debug|Any CPU
		{00F3A533-E415-4B11-AACD-AA884AED6D13}.Release|Any CPU.ActiveCfg = Release|Any CPU
		{00F3A533-E415-4B11-AACD-AA884AED6D13}.Release|Any CPU.Build.0 = Release|Any CPU
		{E8822DC0-CC99-493D-830E-2FA67B2726B7}.Debug|Any CPU.ActiveCfg = Debug|Any CPU
		{E8822DC0-CC99-493D-830E-2FA67B2726B7}.Debug|Any CPU.Build.0 = Debug|Any CPU
		{E8822DC0-CC99-493D-830E-2FA67B2726B7}.Release|Any CPU.ActiveCfg = Release|Any CPU
		{E8822DC0-CC99-493D-830E-2FA67B2726B7}.Release|Any CPU.Build.0 = Release|Any CPU
		{34C07526-57B5-4E6D-BF98-A782C6A4E054}.Debug|Any CPU.ActiveCfg = Debug|Any CPU
		{34C07526-57B5-4E6D-BF98-A782C6A4E054}.Debug|Any CPU.Build.0 = Debug|Any CPU
		{34C07526-57B5-4E6D-BF98-A782C6A4E054}.Release|Any CPU.ActiveCfg = Release|Any CPU
		{34C07526-57B5-4E6D-BF98-A782C6A4E054}.Release|Any CPU.Build.0 = Release|Any CPU
	EndGlobalSection
	GlobalSection(SolutionProperties) = preSolution
		HideSolutionNode = FALSE
	EndGlobalSection
	GlobalSection(NestedProjects) = preSolution
		{6AC80772-10EE-46CF-B5B6-CB0B5C7306C5} = {ED01F11E-AC19-4963-BDF1-B8556F9F7101}
		{00F3A533-E415-4B11-AACD-AA884AED6D13} = {ED01F11E-AC19-4963-BDF1-B8556F9F7101}
		{E8822DC0-CC99-493D-830E-2FA67B2726B7} = {ED01F11E-AC19-4963-BDF1-B8556F9F7101}
		{34C07526-57B5-4E6D-BF98-A782C6A4E054} = {388877DA-20BB-465E-B434-812DB605490A}
	EndGlobalSection
	GlobalSection(ExtensibilityGlobals) = postSolution
		SolutionGuid = {F2E9AD52-698D-4F66-879B-F74550512899}
	EndGlobalSection
EndGlobal
